
Microsoft Visual Studio Solution File, Format Version 12.00
# Visual Studio Version 16
VisualStudioVersion = 16.0.33130.400
MinimumVisualStudioVersion = 10.0.40219.1
Project("{FAE04EC0-301F-11D3-BF4B-00C04F79EFBC}") = "Challenge Assignment", "Challenge Assignment.csproj", "{238823B7-7C81-4731-9942-B623A4646359}"
EndProject
Global
	GlobalSection(SolutionConfigurationPlatforms) = preSolution
		Debug|Any CPU = Debug|Any CPU
		Release|Any CPU = Release|Any CPU
	EndGlobalSection
	GlobalSection(ProjectConfigurationPlatforms) = postSolution
		{238823B7-7C81-4731-9942-B623A4646359}.Debug|Any CPU.ActiveCfg = Debug|Any CPU
		{238823B7-7C81-4731-9942-B623A4646359}.Debug|Any CPU.Build.0 = Debug|Any CPU
		{238823B7-7C81-4731-9942-B623A4646359}.Release|Any CPU.ActiveCfg = Release|Any CPU
		{238823B7-7C81-4731-9942-B623A4646359}.Release|Any CPU.Build.0 = Release|Any CPU
	EndGlobalSection
	GlobalSection(SolutionProperties) = preSolution
		HideSolutionNode = FALSE
	EndGlobalSection
	GlobalSection(ExtensibilityGlobals) = postSolution
		SolutionGuid = {4994D82B-4E59-4963-989A-C59255A1B66B}
	EndGlobalSection
EndGlobal
